// !$*UTF8*$!
{
	archiveVersion = 1;
	classes = {
	};
	objectVersion = 46;
	objects = {

/* Begin PBXBuildFile section */
		FEDEDD131F077F7300D14DBB /* AppDelegate.swift in Sources */ = {isa = PBXBuildFile; fileRef = FEDEDD121F077F7300D14DBB /* AppDelegate.swift */; };
		FEDEDD151F077F7300D14DBB /* ViewController.swift in Sources */ = {isa = PBXBuildFile; fileRef = FEDEDD141F077F7300D14DBB /* ViewController.swift */; };
		FEDEDD181F077F7300D14DBB /* Main.storyboard in Resources */ = {isa = PBXBuildFile; fileRef = FEDEDD161F077F7300D14DBB /* Main.storyboard */; };
		FEDEDD1A1F077F7300D14DBB /* Assets.xcassets in Resources */ = {isa = PBXBuildFile; fileRef = FEDEDD191F077F7300D14DBB /* Assets.xcassets */; };
		FEDEDD1D1F077F7300D14DBB /* LaunchScreen.storyboard in Resources */ = {isa = PBXBuildFile; fileRef = FEDEDD1B1F077F7300D14DBB /* LaunchScreen.storyboard */; };
/* End PBXBuildFile section */

/* Begin PBXFileReference section */
		FEDEDD0F1F077F7300D14DBB /* 単語共有暗記.app */ = {isa = PBXFileReference; explicitFileType = wrapper.application; includeInIndex = 0; path = "単語共有暗記.app"; sourceTree = BUILT_PRODUCTS_DIR; };
		FEDEDD121F077F7300D14DBB /* AppDelegate.swift */ = {isa = PBXFileReference; lastKnownFileType = sourcecode.swift; path = AppDelegate.swift; sourceTree = "<group>"; };
		FEDEDD141F077F7300D14DBB /* ViewController.swift */ = {isa = PBXFileReference; lastKnownFileType = sourcecode.swift; path = ViewController.swift; sourceTree = "<group>"; };
		FEDEDD171F077F7300D14DBB /* Base */ = {isa = PBXFileReference; lastKnownFileType = file.storyboard; name = Base; path = Base.lproj/Main.storyboard; sourceTree = "<group>"; };
		FEDEDD191F077F7300D14DBB /* Assets.xcassets */ = {isa = PBXFileReference; lastKnownFileType = folder.assetcatalog; path = Assets.xcassets; sourceTree = "<group>"; };
		FEDEDD1C1F077F7300D14DBB /* Base */ = {isa = PBXFileReference; lastKnownFileType = file.storyboard; name = Base; path = Base.lproj/LaunchScreen.storyboard; sourceTree = "<group>"; };
		FEDEDD1E1F077F7400D14DBB /* Info.plist */ = {isa = PBXFileReference; lastKnownFileType = text.plist.xml; path = Info.plist; sourceTree = "<group>"; };
/* End PBXFileReference section */

/* Begin PBXFrameworksBuildPhase section */
		FEDEDD0C1F077F7300D14DBB /* Frameworks */ = {
			isa = PBXFrameworksBuildPhase;
			buildActionMask = 2147483647;
			files = (
			);
			runOnlyForDeploymentPostprocessing = 0;
		};
/* End PBXFrameworksBuildPhase section */

/* Begin PBXGroup section */
		FEDEDD061F077F7300D14DBB = {
			isa = PBXGroup;
			children = (
				FEDEDD111F077F7300D14DBB /* 単語共有暗記 */,
				FEDEDD101F077F7300D14DBB /* Products */,
			);
			sourceTree = "<group>";
		};
		FEDEDD101F077F7300D14DBB /* Products */ = {
			isa = PBXGroup;
			children = (
				FEDEDD0F1F077F7300D14DBB /* 単語共有暗記.app */,
			);
			name = Products;
			sourceTree = "<group>";
		};
		FEDEDD111F077F7300D14DBB /* 単語共有暗記 */ = {
			isa = PBXGroup;
			children = (
				FEDEDD121F077F7300D14DBB /* AppDelegate.swift */,
				FEDEDD141F077F7300D14DBB /* ViewController.swift */,
				FEDEDD161F077F7300D14DBB /* Main.storyboard */,
				FEDEDD191F077F7300D14DBB /* Assets.xcassets */,
				FEDEDD1B1F077F7300D14DBB /* LaunchScreen.storyboard */,
				FEDEDD1E1F077F7400D14DBB /* Info.plist */,
			);
			path = "単語共有暗記";
			sourceTree = "<group>";
		};
/* End PBXGroup section */

/* Begin PBXNativeTarget section */
		FEDEDD0E1F077F7300D14DBB /* 単語共有暗記 */ = {
			isa = PBXNativeTarget;
			buildConfigurationList = FEDEDD211F077F7400D14DBB /* Build configuration list for PBXNativeTarget "単語共有暗記" */;
			buildPhases = (
				FEDEDD0B1F077F7300D14DBB /* Sources */,
				FEDEDD0C1F077F7300D14DBB /* Frameworks */,
				FEDEDD0D1F077F7300D14DBB /* Resources */,
			);
			buildRules = (
			);
			dependencies = (
			);
			name = "単語共有暗記";
			productName = "単語共有暗記";
			productReference = FEDEDD0F1F077F7300D14DBB /* 単語共有暗記.app */;
			productType = "com.apple.product-type.application";
		};
/* End PBXNativeTarget section */

/* Begin PBXProject section */
		FEDEDD071F077F7300D14DBB /* Project object */ = {
			isa = PBXProject;
			attributes = {
				LastSwiftUpdateCheck = 0820;
				LastUpgradeCheck = 0820;
				ORGANIZATIONNAME = "小西星七";
				TargetAttributes = {
					FEDEDD0E1F077F7300D14DBB = {
						CreatedOnToolsVersion = 8.2.1;
						ProvisioningStyle = Automatic;
					};
				};
			};
			buildConfigurationList = FEDEDD0A1F077F7300D14DBB /* Build configuration list for PBXProject "単語共有暗記" */;
			compatibilityVersion = "Xcode 3.2";
			developmentRegion = English;
			hasScannedForEncodings = 0;
			knownRegions = (
				en,
				Base,
			);
			mainGroup = FEDEDD061F077F7300D14DBB;
			productRefGroup = FEDEDD101F077F7300D14DBB /* Products */;
			projectDirPath = "";
			projectRoot = "";
			targets = (
				FEDEDD0E1F077F7300D14DBB /* 単語共有暗記 */,
			);
		};
/* End PBXProject section */

/* Begin PBXResourcesBuildPhase section */
		FEDEDD0D1F077F7300D14DBB /* Resources */ = {
			isa = PBXResourcesBuildPhase;
			buildActionMask = 2147483647;
			files = (
				FEDEDD1D1F077F7300D14DBB /* LaunchScreen.storyboard in Resources */,
				FEDEDD1A1F077F7300D14DBB /* Assets.xcassets in Resources */,
				FEDEDD181F077F7300D14DBB /* Main.storyboard in Resources */,
			);
			runOnlyForDeploymentPostprocessing = 0;
		};
/* End PBXResourcesBuildPhase section */

/* Begin PBXSourcesBuildPhase section */
		FEDEDD0B1F077F7300D14DBB /* Sources */ = {
			isa = PBXSourcesBuildPhase;
			buildActionMask = 2147483647;
			files = (
				FEDEDD151F077F7300D14DBB /* ViewController.swift in Sources */,
				FEDEDD131F077F7300D14DBB /* AppDelegate.swift in Sources */,
			);
			runOnlyForDeploymentPostprocessing = 0;
		};
/* End PBXSourcesBuildPhase section */

/* Begin PBXVariantGroup section */
		FEDEDD161F077F7300D14DBB /* Main.storyboard */ = {
			isa = PBXVariantGroup;
			children = (
				FEDEDD171F077F7300D14DBB /* Base */,
			);
			name = Main.storyboard;
			sourceTree = "<group>";
		};
		FEDEDD1B1F077F7300D14DBB /* LaunchScreen.storyboard */ = {
			isa = PBXVariantGroup;
			children = (
				FEDEDD1C1F077F7300D14DBB /* Base */,
			);
			name = LaunchScreen.storyboard;
			sourceTree = "<group>";
		};
/* End PBXVariantGroup section */

/* Begin XCBuildConfiguration section */
		FEDEDD1F1F077F7400D14DBB /* Debug */ = {
			isa = XCBuildConfiguration;
			buildSettings = {
				ALWAYS_SEARCH_USER_PATHS = NO;
				CLANG_ANALYZER_NONNULL = YES;
				CLANG_CXX_LANGUAGE_STANDARD = "gnu++0x";
				CLANG_CXX_LIBRARY = "libc++";
				CLANG_ENABLE_MODULES = YES;
				CLANG_ENABLE_OBJC_ARC = YES;
				CLANG_WARN_BOOL_CONVERSION = YES;
				CLANG_WARN_CONSTANT_CONVERSION = YES;
				CLANG_WARN_DIRECT_OBJC_ISA_USAGE = YES_ERROR;
				CLANG_WARN_DOCUMENTATION_COMMENTS = YES;
				CLANG_WARN_EMPTY_BODY = YES;
				CLANG_WARN_ENUM_CONVERSION = YES;
				CLANG_WARN_INFINITE_RECURSION = YES;
				CLANG_WARN_INT_CONVERSION = YES;
				CLANG_WARN_OBJC_ROOT_CLASS = YES_ERROR;
				CLANG_WARN_SUSPICIOUS_MOVE = YES;
				CLANG_WARN_UNREACHABLE_CODE = YES;
				CLANG_WARN__DUPLICATE_METHOD_MATCH = YES;
				"CODE_SIGN_IDENTITY[sdk=iphoneos*]" = "iPhone Developer";
				COPY_PHASE_STRIP = NO;
				DEBUG_INFORMATION_FORMAT = dwarf;
				ENABLE_STRICT_OBJC_MSGSEND = YES;
				ENABLE_TESTABILITY = YES;
				GCC_C_LANGUAGE_STANDARD = gnu99;
				GCC_DYNAMIC_NO_PIC = NO;
				GCC_NO_COMMON_BLOCKS = YES;
				GCC_OPTIMIZATION_LEVEL = 0;
				GCC_PREPROCESSOR_DEFINITIONS = (
					"DEBUG=1",
					"$(inherited)",
				);
				GCC_WARN_64_TO_32_BIT_CONVERSION = YES;
				GCC_WARN_ABOUT_RETURN_TYPE = YES_ERROR;
				GCC_WARN_UNDECLARED_SELECTOR = YES;
				GCC_WARN_UNINITIALIZED_AUTOS = YES_AGGRESSIVE;
				GCC_WARN_UNUSED_FUNCTION = YES;
				GCC_WARN_UNUSED_VARIABLE = YES;
				IPHONEOS_DEPLOYMENT_TARGET = 10.2;
				MTL_ENABLE_DEBUG_INFO = YES;
				ONLY_ACTIVE_ARCH = YES;
				SDKROOT = iphoneos;
				SWIFT_ACTIVE_COMPILATION_CONDITIONS = DEBUG;
				SWIFT_OPTIMIZATION_LEVEL = "-Onone";
			};
			name = Debug;
		};
		FEDEDD201F077F7400D14DBB /* Release */ = {
			isa = XCBuildConfiguration;
			buildSettings = {
				ALWAYS_SEARCH_USER_PATHS = NO;
				CLANG_ANALYZER_NONNULL = YES;
				CLANG_CXX_LANGUAGE_STANDARD = "gnu++0x";
				CLANG_CXX_LIBRARY = "libc++";
				CLANG_ENABLE_MODULES = YES;
				CLANG_ENABLE_OBJC_ARC = YES;
				CLANG_WARN_BOOL_CONVERSION = YES;
				CLANG_WARN_CONSTANT_CONVERSION = YES;
				CLANG_WARN_DIRECT_OBJC_ISA_USAGE = YES_ERROR;
				CLANG_WARN_DOCUMENTATION_COMMENTS = YES;
				CLANG_WARN_EMPTY_BODY = YES;
				CLANG_WARN_ENUM_CONVERSION = YES;
				CLANG_WARN_INFINITE_RECURSION = YES;
				CLANG_WARN_INT_CONVERSION = YES;
				CLANG_WARN_OBJC_ROOT_CLASS = YES_ERROR;
				CLANG_WARN_SUSPICIOUS_MOVE = YES;
				CLANG_WARN_UNREACHABLE_CODE = YES;
				CLANG_WARN__DUPLICATE_METHOD_MATCH = YES;
				"CODE_SIGN_IDENTITY[sdk=iphoneos*]" = "iPhone Developer";
				COPY_PHASE_STRIP = NO;
				DEBUG_INFORMATION_FORMAT = "dwarf-with-dsym";
				ENABLE_NS_ASSERTIONS = NO;
				ENABLE_STRICT_OBJC_MSGSEND = YES;
				GCC_C_LANGUAGE_STANDARD = gnu99;
				GCC_NO_COMMON_BLOCKS = YES;
				GCC_WARN_64_TO_32_BIT_CONVERSION = YES;
				GCC_WARN_ABOUT_RETURN_TYPE = YES_ERROR;
				GCC_WARN_UNDECLARED_SELECTOR = YES;
				GCC_WARN_UNINITIALIZED_AUTOS = YES_AGGRESSIVE;
				GCC_WARN_UNUSED_FUNCTION = YES;
				GCC_WARN_UNUSED_VARIABLE = YES;
				IPHONEOS_DEPLOYMENT_TARGET = 10.2;
				MTL_ENABLE_DEBUG_INFO = NO;
				SDKROOT = iphoneos;
				SWIFT_OPTIMIZATION_LEVEL = "-Owholemodule";
				VALIDATE_PRODUCT = YES;
			};
			name = Release;
		};
		FEDEDD221F077F7400D14DBB /* Debug */ = {
			isa = XCBuildConfiguration;
			buildSettings = {
				ASSETCATALOG_COMPILER_APPICON_NAME = AppIcon;
				INFOPLIST_FILE = "単語共有暗記/Info.plist";
				LD_RUNPATH_SEARCH_PATHS = "$(inherited) @executable_path/Frameworks";
				PRODUCT_BUNDLE_IDENTIFIER = "com.------";
				PRODUCT_NAME = "$(TARGET_NAME)";
				SWIFT_VERSION = 3.0;
			};
			name = Debug;
		};
		FEDEDD231F077F7400D14DBB /* Release */ = {
			isa = XCBuildConfiguration;
			buildSettings = {
				ASSETCATALOG_COMPILER_APPICON_NAME = AppIcon;
				INFOPLIST_FILE = "単語共有暗記/Info.plist";
				LD_RUNPATH_SEARCH_PATHS = "$(inherited) @executable_path/Frameworks";
				PRODUCT_BUNDLE_IDENTIFIER = "com.------";
				PRODUCT_NAME = "$(TARGET_NAME)";
				SWIFT_VERSION = 3.0;
			};
			name = Release;
		};
/* End XCBuildConfiguration section */

/* Begin XCConfigurationList section */
		FEDEDD0A1F077F7300D14DBB /* Build configuration list for PBXProject "単語共有暗記" */ = {
			isa = XCConfigurationList;
			buildConfigurations = (
				FEDEDD1F1F077F7400D14DBB /* Debug */,
				FEDEDD201F077F7400D14DBB /* Release */,
			);
			defaultConfigurationIsVisible = 0;
			defaultConfigurationName = Release;
		};
		FEDEDD211F077F7400D14DBB /* Build configuration list for PBXNativeTarget "単語共有暗記" */ = {
			isa = XCConfigurationList;
			buildConfigurations = (
				FEDEDD221F077F7400D14DBB /* Debug */,
				FEDEDD231F077F7400D14DBB /* Release */,
			);
			defaultConfigurationIsVisible = 0;
		};
/* End XCConfigurationList section */
	};
	rootObject = FEDEDD071F077F7300D14DBB /* Project object */;
}
